Microsoft Visual Studio Solution File, Format Version 11.00
# Visual Studio 2008

Project("{54FA0A85-CE1E-07D0-6137-9043727195B3}") = "FrameThread", "Assembly-CSharp.csproj", "{1156AFEA-F703-D432-F468-CB10250C23BB}"
EndProject
Global
	GlobalSection(SolutionConfigurationPlatforms) = preSolution
		Debug|Any CPU = Debug|Any CPU
		Release|Any CPU = Release|Any CPU
	EndGlobalSection
	GlobalSection(ProjectConfigurationPlatforms) = postSolution
		{1156AFEA-F703-D432-F468-CB10250C23BB}.Debug|Any CPU.ActiveCfg = Debug|Any CPU
		{1156AFEA-F703-D432-F468-CB10250C23BB}.Debug|Any CPU.Build.0 = Debug|Any CPU
		{1156AFEA-F703-D432-F468-CB10250C23BB}.Release|Any CPU.ActiveCfg = Release|Any CPU
		{1156AFEA-F703-D432-F468-CB10250C23BB}.Release|Any CPU.Build.0 = Release|Any CPU
	EndGlobalSection
	GlobalSection(SolutionProperties) = preSolution
		HideSolutionNode = FALSE
	EndGlobalSection
	GlobalSection(MonoDevelopProperties) = preSolution
		StartupItem = Assembly-CSharp.csproj
	EndGlobalSection
EndGlobal
